
Microsoft Visual Studio Solution File, Format Version 12.00
# Visual Studio Version 17
VisualStudioVersion = 17.0.32112.339
MinimumVisualStudioVersion = 10.0.40219.1
Project("{9A19103F-16F7-4668-BE54-9A1E7A4F7556}") = "SimpleKafka", "SimpleKafka\SimpleKafka.csproj", "{80C4D6FD-ECD5-47D1-ADF1-637A6B53CB7D}"
EndProject
Project("{2150E333-8FDC-42A3-9474-1A3956D46DE8}") = "Solution Items", "Solution Items", "{772209CF-DD84-47B1-A4BE-78483C252DE1}"
	ProjectSection(SolutionItems) = preProject
		.gitignore = .gitignore
		LICENSE = LICENSE
		README.md = README.md
	EndProjectSection
EndProject
Project("{FAE04EC0-301F-11D3-BF4B-00C04F79EFBC}") = "SimpleKafkaTests", "SimpleKafkaTests\SimpleKafkaTests.csproj", "{C928AAD6-E37A-4646-9505-DAD514ABD765}"
EndProject
Global
	GlobalSection(SolutionConfigurationPlatforms) = preSolution
		Debug|Any CPU = Debug|Any CPU
		Release|Any CPU = Release|Any CPU
	EndGlobalSection
	GlobalSection(ProjectConfigurationPlatforms) = postSolution
		{80C4D6FD-ECD5-47D1-ADF1-637A6B53CB7D}.Debug|Any CPU.ActiveCfg = Debug|Any CPU
		{80C4D6FD-ECD5-47D1-ADF1-637A6B53CB7D}.Debug|Any CPU.Build.0 = Debug|Any CPU
		{80C4D6FD-ECD5-47D1-ADF1-637A6B53CB7D}.Release|Any CPU.ActiveCfg = Release|Any CPU
		{80C4D6FD-ECD5-47D1-ADF1-637A6B53CB7D}.Release|Any CPU.Build.0 = Release|Any CPU
		{C928AAD6-E37A-4646-9505-DAD514ABD765}.Debug|Any CPU.ActiveCfg = Debug|Any CPU
		{C928AAD6-E37A-4646-9505-DAD514ABD765}.Debug|Any CPU.Build.0 = Debug|Any CPU
		{C928AAD6-E37A-4646-9505-DAD514ABD765}.Release|Any CPU.ActiveCfg = Release|Any CPU
		{C928AAD6-E37A-4646-9505-DAD514ABD765}.Release|Any CPU.Build.0 = Release|Any CPU
	EndGlobalSection
	GlobalSection(SolutionProperties) = preSolution
		HideSolutionNode = FALSE
	EndGlobalSection
	GlobalSection(ExtensibilityGlobals) = postSolution
		SolutionGuid = {4638930D-F36B-4CF6-9294-6B24FE0236BF}
	EndGlobalSection
EndGlobal
